
Microsoft Visual Studio Solution File, Format Version 12.00
# Visual Studio Version 17
VisualStudioVersion = 17.9.34728.123
MinimumVisualStudioVersion = 10.0.40219.1
Project("{FAE04EC0-301F-11D3-BF4B-00C04F79EFBC}") = "PowerNite", "PowerNite\PowerNite.csproj", "{197D136F-3C38-C2FD-166A-FF0CA1FBBAF8}"
EndProject
Project("{FAE04EC0-301F-11D3-BF4B-00C04F79EFBC}") = "UICML", "UICML\UICML.csproj", "{291E84B5-8DCD-74F0-0F7C-A45041CB28B3}"
EndProject
Global
	GlobalSection(SolutionConfigurationPlatforms) = preSolution
		Debug|Any CPU = Debug|Any CPU
		Release|Any CPU = Release|Any CPU
	EndGlobalSection
	GlobalSection(ProjectConfigurationPlatforms) = postSolution
		{197D136F-3C38-C2FD-166A-FF0CA1FBBAF8}.Debug|Any CPU.ActiveCfg = Debug|Any CPU
		{197D136F-3C38-C2FD-166A-FF0CA1FBBAF8}.Debug|Any CPU.Build.0 = Debug|Any CPU
		{197D136F-3C38-C2FD-166A-FF0CA1FBBAF8}.Release|Any CPU.ActiveCfg = Release|Any CPU
		{197D136F-3C38-C2FD-166A-FF0CA1FBBAF8}.Release|Any CPU.Build.0 = Release|Any CPU
		{291E84B5-8DCD-74F0-0F7C-A45041CB28B3}.Debug|Any CPU.ActiveCfg = Debug|Any CPU
		{291E84B5-8DCD-74F0-0F7C-A45041CB28B3}.Debug|Any CPU.Build.0 = Debug|Any CPU
		{291E84B5-8DCD-74F0-0F7C-A45041CB28B3}.Release|Any CPU.ActiveCfg = Release|Any CPU
		{291E84B5-8DCD-74F0-0F7C-A45041CB28B3}.Release|Any CPU.Build.0 = Release|Any CPU
	EndGlobalSection
	GlobalSection(SolutionProperties) = preSolution
		HideSolutionNode = FALSE
	EndGlobalSection
	GlobalSection(ExtensibilityGlobals) = postSolution
		SolutionGuid = {3233EE7F-A063-4809-BB99-E11F485CD842}
	EndGlobalSection
EndGlobal
